// !$*UTF8*$!
{
	archiveVersion = 1;
	classes = {
	};
	objectVersion = 56;
	objects = {

/* Begin PBXBuildFile section */
		6D00A06E2BDD7DFF00CC7DB9 /* Kidsy_iOSApp.swift in Sources */ = {isa = PBXBuildFile; fileRef = 6D00A06D2BDD7DFF00CC7DB9 /* Kidsy_iOSApp.swift */; };
		6D00A0722BDD7E0100CC7DB9 /* Assets.xcassets in Resources */ = {isa = PBXBuildFile; fileRef = 6D00A0712BDD7E0100CC7DB9 /* Assets.xcassets */; };
		6D00A0752BDD7E0100CC7DB9 /* Preview Assets.xcassets in Resources */ = {isa = PBXBuildFile; fileRef = 6D00A0742BDD7E0100CC7DB9 /* Preview Assets.xcassets */; };
		6D00A07F2BDD7E0100CC7DB9 /* Kidsy_iOSTests.swift in Sources */ = {isa = PBXBuildFile; fileRef = 6D00A07E2BDD7E0100CC7DB9 /* Kidsy_iOSTests.swift */; };
		6D00A0892BDD7E0100CC7DB9 /* Kidsy_iOSUITests.swift in Sources */ = {isa = PBXBuildFile; fileRef = 6D00A0882BDD7E0100CC7DB9 /* Kidsy_iOSUITests.swift */; };
		6D00A08B2BDD7E0100CC7DB9 /* Kidsy_iOSUITestsLaunchTests.swift in Sources */ = {isa = PBXBuildFile; fileRef = 6D00A08A2BDD7E0100CC7DB9 /* Kidsy_iOSUITestsLaunchTests.swift */; };
		6D00A09A2BDD7ED800CC7DB9 /* shared.xcframework in Frameworks */ = {isa = PBXBuildFile; fileRef = 6D00A0992BDD7ED800CC7DB9 /* shared.xcframework */; };
		6D00A09B2BDD7ED800CC7DB9 /* shared.xcframework in Embed Frameworks */ = {isa = PBXBuildFile; fileRef = 6D00A0992BDD7ED800CC7DB9 /* shared.xcframework */; settings = {ATTRIBUTES = (CodeSignOnCopy, RemoveHeadersOnCopy, ); }; };
		6D00A0A12BDD7FA100CC7DB9 /* RootNavigationViewModel.swift in Sources */ = {isa = PBXBuildFile; fileRef = 6D00A0A02BDD7FA100CC7DB9 /* RootNavigationViewModel.swift */; };
		6D00A0A42BDD801900CC7DB9 /* IntroView.swift in Sources */ = {isa = PBXBuildFile; fileRef = 6D00A0A32BDD801900CC7DB9 /* IntroView.swift */; };
		6D00A0A92BDD819F00CC7DB9 /* OnboardingPromptView.swift in Sources */ = {isa = PBXBuildFile; fileRef = 6D00A0A82BDD819F00CC7DB9 /* OnboardingPromptView.swift */; };
		6D00A0AC2BDD849A00CC7DB9 /* BlackButton.swift in Sources */ = {isa = PBXBuildFile; fileRef = 6D00A0AB2BDD849A00CC7DB9 /* BlackButton.swift */; };
		6D00A0AE2BDD873A00CC7DB9 /* RootNavigationView.swift in Sources */ = {isa = PBXBuildFile; fileRef = 6D00A0AD2BDD873A00CC7DB9 /* RootNavigationView.swift */; };
		6D00A0B02BDD891E00CC7DB9 /* ToggleGrayButton.swift in Sources */ = {isa = PBXBuildFile; fileRef = 6D00A0AF2BDD891E00CC7DB9 /* ToggleGrayButton.swift */; };
		6D00A0B22BDD8ACB00CC7DB9 /* OnboardingView.swift in Sources */ = {isa = PBXBuildFile; fileRef = 6D00A0B12BDD8ACB00CC7DB9 /* OnboardingView.swift */; };
		6D00A0B42BDD8D8500CC7DB9 /* OnboardingQuestionMultiselectView.swift in Sources */ = {isa = PBXBuildFile; fileRef = 6D00A0B32BDD8D8500CC7DB9 /* OnboardingQuestionMultiselectView.swift */; };
		6D00A0B62BDD8D9F00CC7DB9 /* OnboardingQuestionView.swift in Sources */ = {isa = PBXBuildFile; fileRef = 6D00A0B52BDD8D9F00CC7DB9 /* OnboardingQuestionView.swift */; };
		6D02CAEB2BECC270007BB9AB /* OnboardingPushNotificationsPromptView.swift in Sources */ = {isa = PBXBuildFile; fileRef = 6D02CAEA2BECC270007BB9AB /* OnboardingPushNotificationsPromptView.swift */; };
		6D02CAED2BECC46F007BB9AB /* OnboardingPushNotificationsPromptView+ViewModel.swift in Sources */ = {isa = PBXBuildFile; fileRef = 6D02CAEC2BECC46F007BB9AB /* OnboardingPushNotificationsPromptView+ViewModel.swift */; };
		6D19A8952BE92CAE00274A85 /* OnboardingPromptWithPointsView.swift in Sources */ = {isa = PBXBuildFile; fileRef = 6D19A8942BE92CAE00274A85 /* OnboardingPromptWithPointsView.swift */; };
		6D3724D52BF10EFF005FEC1C /* OnboardingTimeInputView.swift in Sources */ = {isa = PBXBuildFile; fileRef = 6D3724D42BF10EFF005FEC1C /* OnboardingTimeInputView.swift */; };
		6D3724D82BF117C0005FEC1C /* DateTimePicker.swift in Sources */ = {isa = PBXBuildFile; fileRef = 6D3724D72BF117C0005FEC1C /* DateTimePicker.swift */; };
		6D3724DA2BF11D85005FEC1C /* OnboardingSuccessView.swift in Sources */ = {isa = PBXBuildFile; fileRef = 6D3724D92BF11D85005FEC1C /* OnboardingSuccessView.swift */; };
		6D37AF0F2BE8EF6300B3227C /* ProgressBar.swift in Sources */ = {isa = PBXBuildFile; fileRef = 6D37AF0E2BE8EF6300B3227C /* ProgressBar.swift */; };
		6D37AF112BE908E500B3227C /* OnboardingTextInputView.swift in Sources */ = {isa = PBXBuildFile; fileRef = 6D37AF102BE908E500B3227C /* OnboardingTextInputView.swift */; };
		6D42A2F52BF7A08A0071343F /* CreateAccountViewNavigationStackState.swift in Sources */ = {isa = PBXBuildFile; fileRef = 6D42A2F42BF7A08A0071343F /* CreateAccountViewNavigationStackState.swift */; };
		6D42A2F82BF7A1480071343F /* CreateAccountView.swift in Sources */ = {isa = PBXBuildFile; fileRef = 6D42A2F72BF7A1480071343F /* CreateAccountView.swift */; };
		6D8EE7ED2BF1319100CFDE63 /* OnboardingSuccessViewNavigationStackState.swift in Sources */ = {isa = PBXBuildFile; fileRef = 6D8EE7EC2BF1319100CFDE63 /* OnboardingSuccessViewNavigationStackState.swift */; };
		6D9049532BDE72260095D302 /* OnboardingViewNavigationStackState.swift in Sources */ = {isa = PBXBuildFile; fileRef = 6D9049522BDE72260095D302 /* OnboardingViewNavigationStackState.swift */; };
		6D9049552BDE72520095D302 /* IntroViewNavigationStackState.swift in Sources */ = {isa = PBXBuildFile; fileRef = 6D9049542BDE72520095D302 /* IntroViewNavigationStackState.swift */; };
		6D9049582BDE727E0095D302 /* NavigationStackState.swift in Sources */ = {isa = PBXBuildFile; fileRef = 6D9049572BDE727E0095D302 /* NavigationStackState.swift */; };
		6DD669D72BE2CA900007CF9D /* SwiftUIIntrospect in Frameworks */ = {isa = PBXBuildFile; productRef = 6DD669D62BE2CA900007CF9D /* SwiftUIIntrospect */; };
		6DDD45D62BE00FA4000ABAB1 /* SFFont.swift in Sources */ = {isa = PBXBuildFile; fileRef = 6DDD45D52BE00FA4000ABAB1 /* SFFont.swift */; };
/* End PBXBuildFile section */

/* Begin PBXContainerItemProxy section */
		6D00A07B2BDD7E0100CC7DB9 /* PBXContainerItemProxy */ = {
			isa = PBXContainerItemProxy;
			containerPortal = 6D00A0622BDD7DFF00CC7DB9 /* Project object */;
			proxyType = 1;
			remoteGlobalIDString = 6D00A0692BDD7DFF00CC7DB9;
			remoteInfo = "Kidsy-iOS";
		};
		6D00A0852BDD7E0100CC7DB9 /* PBXContainerItemProxy */ = {
			isa = PBXContainerItemProxy;
			containerPortal = 6D00A0622BDD7DFF00CC7DB9 /* Project object */;
			proxyType = 1;
			remoteGlobalIDString = 6D00A0692BDD7DFF00CC7DB9;
			remoteInfo = "Kidsy-iOS";
		};
/* End PBXContainerItemProxy section */

/* Begin PBXCopyFilesBuildPhase section */
		6D00A09C2BDD7ED800CC7DB9 /* Embed Frameworks */ = {
			isa = PBXCopyFilesBuildPhase;
			buildActionMask = 2147483647;
			dstPath = "";
			dstSubfolderSpec = 10;
			files = (
				6D00A09B2BDD7ED800CC7DB9 /* shared.xcframework in Embed Frameworks */,
			);
			name = "Embed Frameworks";
			runOnlyForDeploymentPostprocessing = 0;
		};
/* End PBXCopyFilesBuildPhase section */

/* Begin PBXFileReference section */
		6D00A06A2BDD7DFF00CC7DB9 /* Kidsy-iOS.app */ = {isa = PBXFileReference; explicitFileType = wrapper.application; includeInIndex = 0; path = "Kidsy-iOS.app"; sourceTree = BUILT_PRODUCTS_DIR; };
		6D00A06D2BDD7DFF00CC7DB9 /* Kidsy_iOSApp.swift */ = {isa = PBXFileReference; lastKnownFileType = sourcecode.swift; path = Kidsy_iOSApp.swift; sourceTree = "<group>"; };
		6D00A0712BDD7E0100CC7DB9 /* Assets.xcassets */ = {isa = PBXFileReference; lastKnownFileType = folder.assetcatalog; path = Assets.xcassets; sourceTree = "<group>"; };
		6D00A0742BDD7E0100CC7DB9 /* Preview Assets.xcassets */ = {isa = PBXFileReference; lastKnownFileType = folder.assetcatalog; path = "Preview Assets.xcassets"; sourceTree = "<group>"; };
		6D00A07A2BDD7E0100CC7DB9 /* Kidsy-iOSTests.xctest */ = {isa = PBXFileReference; explicitFileType = wrapper.cfbundle; includeInIndex = 0; path = "Kidsy-iOSTests.xctest"; sourceTree = BUILT_PRODUCTS_DIR; };
		6D00A07E2BDD7E0100CC7DB9 /* Kidsy_iOSTests.swift */ = {isa = PBXFileReference; lastKnownFileType = sourcecode.swift; path = Kidsy_iOSTests.swift; sourceTree = "<group>"; };
		6D00A0842BDD7E0100CC7DB9 /* Kidsy-iOSUITests.xctest */ = {isa = PBXFileReference; explicitFileType = wrapper.cfbundle; includeInIndex = 0; path = "Kidsy-iOSUITests.xctest"; sourceTree = BUILT_PRODUCTS_DIR; };
		6D00A0882BDD7E0100CC7DB9 /* Kidsy_iOSUITests.swift */ = {isa = PBXFileReference; lastKnownFileType = sourcecode.swift; path = Kidsy_iOSUITests.swift; sourceTree = "<group>"; };
		6D00A08A2BDD7E0100CC7DB9 /* Kidsy_iOSUITestsLaunchTests.swift */ = {isa = PBXFileReference; lastKnownFileType = sourcecode.swift; path = Kidsy_iOSUITestsLaunchTests.swift; sourceTree = "<group>"; };
		6D00A0992BDD7ED800CC7DB9 /* shared.xcframework */ = {isa = PBXFileReference; lastKnownFileType = wrapper.xcframework; name = shared.xcframework; path = Modules/shared.xcframework; sourceTree = "<group>"; };
		6D00A0A02BDD7FA100CC7DB9 /* RootNavigationViewModel.swift */ = {isa = PBXFileReference; lastKnownFileType = sourcecode.swift; path = RootNavigationViewModel.swift; sourceTree = "<group>"; };
		6D00A0A32BDD801900CC7DB9 /* IntroView.swift */ = {isa = PBXFileReference; lastKnownFileType = sourcecode.swift; path = IntroView.swift; sourceTree = "<group>"; };
		6D00A0A82BDD819F00CC7DB9 /* OnboardingPromptView.swift */ = {isa = PBXFileReference; lastKnownFileType = sourcecode.swift; path = OnboardingPromptView.swift; sourceTree = "<group>"; };
		6D00A0AB2BDD849A00CC7DB9 /* BlackButton.swift */ = {isa = PBXFileReference; lastKnownFileType = sourcecode.swift; path = BlackButton.swift; sourceTree = "<group>"; };
		6D00A0AD2BDD873A00CC7DB9 /* RootNavigationView.swift */ = {isa = PBXFileReference; lastKnownFileType = sourcecode.swift; path = RootNavigationView.swift; sourceTree = "<group>"; };
		6D00A0AF2BDD891E00CC7DB9 /* ToggleGrayButton.swift */ = {isa = PBXFileReference; lastKnownFileType = sourcecode.swift; path = ToggleGrayButton.swift; sourceTree = "<group>"; };
		6D00A0B12BDD8ACB00CC7DB9 /* OnboardingView.swift */ = {isa = PBXFileReference; lastKnownFileType = sourcecode.swift; path = OnboardingView.swift; sourceTree = "<group>"; };
		6D00A0B32BDD8D8500CC7DB9 /* OnboardingQuestionMultiselectView.swift */ = {isa = PBXFileReference; lastKnownFileType = sourcecode.swift; path = OnboardingQuestionMultiselectView.swift; sourceTree = "<group>"; };
		6D00A0B52BDD8D9F00CC7DB9 /* OnboardingQuestionView.swift */ = {isa = PBXFileReference; lastKnownFileType = sourcecode.swift; path = OnboardingQuestionView.swift; sourceTree = "<group>"; };
		6D02CAEA2BECC270007BB9AB /* OnboardingPushNotificationsPromptView.swift */ = {isa = PBXFileReference; lastKnownFileType = sourcecode.swift; path = OnboardingPushNotificationsPromptView.swift; sourceTree = "<group>"; };
		6D02CAEC2BECC46F007BB9AB /* OnboardingPushNotificationsPromptView+ViewModel.swift */ = {isa = PBXFileReference; lastKnownFileType = sourcecode.swift; path = "OnboardingPushNotificationsPromptView+ViewModel.swift"; sourceTree = "<group>"; };
		6D19A8942BE92CAE00274A85 /* OnboardingPromptWithPointsView.swift */ = {isa = PBXFileReference; lastKnownFileType = sourcecode.swift; path = OnboardingPromptWithPointsView.swift; sourceTree = "<group>"; };
		6D3724D42BF10EFF005FEC1C /* OnboardingTimeInputView.swift */ = {isa = PBXFileReference; lastKnownFileType = sourcecode.swift; path = OnboardingTimeInputView.swift; sourceTree = "<group>"; };
		6D3724D72BF117C0005FEC1C /* DateTimePicker.swift */ = {isa = PBXFileReference; lastKnownFileType = sourcecode.swift; path = DateTimePicker.swift; sourceTree = "<group>"; };
		6D3724D92BF11D85005FEC1C /* OnboardingSuccessView.swift */ = {isa = PBXFileReference; lastKnownFileType = sourcecode.swift; path = OnboardingSuccessView.swift; sourceTree = "<group>"; };
		6D37AF0E2BE8EF6300B3227C /* ProgressBar.swift */ = {isa = PBXFileReference; lastKnownFileType = sourcecode.swift; path = ProgressBar.swift; sourceTree = "<group>"; };
		6D37AF102BE908E500B3227C /* OnboardingTextInputView.swift */ = {isa = PBXFileReference; lastKnownFileType = sourcecode.swift; path = OnboardingTextInputView.swift; sourceTree = "<group>"; };
		6D42A2F42BF7A08A0071343F /* CreateAccountViewNavigationStackState.swift */ = {isa = PBXFileReference; lastKnownFileType = sourcecode.swift; path = CreateAccountViewNavigationStackState.swift; sourceTree = "<group>"; };
		6D42A2F72BF7A1480071343F /* CreateAccountView.swift */ = {isa = PBXFileReference; lastKnownFileType = sourcecode.swift; path = CreateAccountView.swift; sourceTree = "<group>"; };
		6D7BB90D2BF7A5CD00DD254A /* Kidsy-iOS.entitlements */ = {isa = PBXFileReference; lastKnownFileType = text.plist.entitlements; path = "Kidsy-iOS.entitlements"; sourceTree = "<group>"; };
		6D8EE7EC2BF1319100CFDE63 /* OnboardingSuccessViewNavigationStackState.swift */ = {isa = PBXFileReference; lastKnownFileType = sourcecode.swift; path = OnboardingSuccessViewNavigationStackState.swift; sourceTree = "<group>"; };
		6D9049522BDE72260095D302 /* OnboardingViewNavigationStackState.swift */ = {isa = PBXFileReference; lastKnownFileType = sourcecode.swift; path = OnboardingViewNavigationStackState.swift; sourceTree = "<group>"; };
		6D9049542BDE72520095D302 /* IntroViewNavigationStackState.swift */ = {isa = PBXFileReference; lastKnownFileType = sourcecode.swift; path = IntroViewNavigationStackState.swift; sourceTree = "<group>"; };
		6D9049572BDE727E0095D302 /* NavigationStackState.swift */ = {isa = PBXFileReference; lastKnownFileType = sourcecode.swift; path = NavigationStackState.swift; sourceTree = "<group>"; };
		6DDD45D52BE00FA4000ABAB1 /* SFFont.swift */ = {isa = PBXFileReference; lastKnownFileType = sourcecode.swift; path = SFFont.swift; sourceTree = "<group>"; };
/* End PBXFileReference section */

/* Begin PBXFrameworksBuildPhase section */
		6D00A0672BDD7DFF00CC7DB9 /* Frameworks */ = {
			isa = PBXFrameworksBuildPhase;
			buildActionMask = 2147483647;
			files = (
				6D00A09A2BDD7ED800CC7DB9 /* shared.xcframework in Frameworks */,
				6DD669D72BE2CA900007CF9D /* SwiftUIIntrospect in Frameworks */,
			);
			runOnlyForDeploymentPostprocessing = 0;
		};
		6D00A0772BDD7E0100CC7DB9 /* Frameworks */ = {
			isa = PBXFrameworksBuildPhase;
			buildActionMask = 2147483647;
			files = (
			);
			runOnlyForDeploymentPostprocessing = 0;
		};
		6D00A0812BDD7E0100CC7DB9 /* Frameworks */ = {
			isa = PBXFrameworksBuildPhase;
			buildActionMask = 2147483647;
			files = (
			);
			runOnlyForDeploymentPostprocessing = 0;
		};
/* End PBXFrameworksBuildPhase section */

/* Begin PBXGroup section */
		6D00A0612BDD7DFF00CC7DB9 = {
			isa = PBXGroup;
			children = (
				6D00A06C2BDD7DFF00CC7DB9 /* Kidsy-iOS */,
				6D00A07D2BDD7E0100CC7DB9 /* Kidsy-iOSTests */,
				6D00A0872BDD7E0100CC7DB9 /* Kidsy-iOSUITests */,
				6D00A06B2BDD7DFF00CC7DB9 /* Products */,
				6D00A0982BDD7ED800CC7DB9 /* Frameworks */,
			);
			sourceTree = "<group>";
		};
		6D00A06B2BDD7DFF00CC7DB9 /* Products */ = {
			isa = PBXGroup;
			children = (
				6D00A06A2BDD7DFF00CC7DB9 /* Kidsy-iOS.app */,
				6D00A07A2BDD7E0100CC7DB9 /* Kidsy-iOSTests.xctest */,
				6D00A0842BDD7E0100CC7DB9 /* Kidsy-iOSUITests.xctest */,
			);
			name = Products;
			sourceTree = "<group>";
		};
		6D00A06C2BDD7DFF00CC7DB9 /* Kidsy-iOS */ = {
			isa = PBXGroup;
			children = (
				6D7BB90D2BF7A5CD00DD254A /* Kidsy-iOS.entitlements */,
				6D9049562BDE72760095D302 /* Utils */,
				6D00A09F2BDD7F8400CC7DB9 /* RootNavigationView */,
				6D00A0AA2BDD844500CC7DB9 /* Components */,
				6D00A0972BDD7E9800CC7DB9 /* Views */,
				6D00A06D2BDD7DFF00CC7DB9 /* Kidsy_iOSApp.swift */,
				6D00A0712BDD7E0100CC7DB9 /* Assets.xcassets */,
				6D00A0732BDD7E0100CC7DB9 /* Preview Content */,
			);
			path = "Kidsy-iOS";
			sourceTree = "<group>";
		};
		6D00A0732BDD7E0100CC7DB9 /* Preview Content */ = {
			isa = PBXGroup;
			children = (
				6D00A0742BDD7E0100CC7DB9 /* Preview Assets.xcassets */,
			);
			path = "Preview Content";
			sourceTree = "<group>";
		};
		6D00A07D2BDD7E0100CC7DB9 /* Kidsy-iOSTests */ = {
			isa = PBXGroup;
			children = (
				6D00A07E2BDD7E0100CC7DB9 /* Kidsy_iOSTests.swift */,
			);
			path = "Kidsy-iOSTests";
			sourceTree = "<group>";
		};
		6D00A0872BDD7E0100CC7DB9 /* Kidsy-iOSUITests */ = {
			isa = PBXGroup;
			children = (
				6D00A0882BDD7E0100CC7DB9 /* Kidsy_iOSUITests.swift */,
				6D00A08A2BDD7E0100CC7DB9 /* Kidsy_iOSUITestsLaunchTests.swift */,
			);
			path = "Kidsy-iOSUITests";
			sourceTree = "<group>";
		};
		6D00A0972BDD7E9800CC7DB9 /* Views */ = {
			isa = PBXGroup;
			children = (
				6D42A2F62BF7A0D00071343F /* CreateAccountView */,
				6D37AF0D2BE8EF4C00B3227C /* Components */,
				6DDD45D42BE00F8C000ABAB1 /* Style */,
				6D00A0A52BDD802600CC7DB9 /* OnboardingView */,
				6D00A0A22BDD800B00CC7DB9 /* IntroView */,
			);
			path = Views;
			sourceTree = "<group>";
		};
		6D00A0982BDD7ED800CC7DB9 /* Frameworks */ = {
			isa = PBXGroup;
			children = (
				6D00A0992BDD7ED800CC7DB9 /* shared.xcframework */,
			);
			name = Frameworks;
			sourceTree = "<group>";
		};
		6D00A09F2BDD7F8400CC7DB9 /* RootNavigationView */ = {
			isa = PBXGroup;
			children = (
				6D00A0A02BDD7FA100CC7DB9 /* RootNavigationViewModel.swift */,
				6D00A0AD2BDD873A00CC7DB9 /* RootNavigationView.swift */,
			);
			path = RootNavigationView;
			sourceTree = "<group>";
		};
		6D00A0A22BDD800B00CC7DB9 /* IntroView */ = {
			isa = PBXGroup;
			children = (
				6D00A0A32BDD801900CC7DB9 /* IntroView.swift */,
				6D9049542BDE72520095D302 /* IntroViewNavigationStackState.swift */,
			);
			path = IntroView;
			sourceTree = "<group>";
		};
		6D00A0A52BDD802600CC7DB9 /* OnboardingView */ = {
			isa = PBXGroup;
			children = (
				6D8EE7EB2BF1314600CFDE63 /* OnboardingSuccessView */,
				6D3724D62BF117B5005FEC1C /* OnboardingTimeInputView */,
				6D02CAE92BECBCC4007BB9AB /* NotificationsPrompt */,
				6D00A0B12BDD8ACB00CC7DB9 /* OnboardingView.swift */,
				6D9049522BDE72260095D302 /* OnboardingViewNavigationStackState.swift */,
				6D00A0A82BDD819F00CC7DB9 /* OnboardingPromptView.swift */,
				6D00A0B32BDD8D8500CC7DB9 /* OnboardingQuestionMultiselectView.swift */,
				6D00A0B52BDD8D9F00CC7DB9 /* OnboardingQuestionView.swift */,
				6D37AF102BE908E500B3227C /* OnboardingTextInputView.swift */,
				6D19A8942BE92CAE00274A85 /* OnboardingPromptWithPointsView.swift */,
			);
			path = OnboardingView;
			sourceTree = "<group>";
		};
		6D00A0AA2BDD844500CC7DB9 /* Components */ = {
			isa = PBXGroup;
			children = (
				6D00A0AB2BDD849A00CC7DB9 /* BlackButton.swift */,
				6D00A0AF2BDD891E00CC7DB9 /* ToggleGrayButton.swift */,
			);
			path = Components;
			sourceTree = "<group>";
		};
		6D02CAE92BECBCC4007BB9AB /* NotificationsPrompt */ = {
			isa = PBXGroup;
			children = (
				6D02CAEA2BECC270007BB9AB /* OnboardingPushNotificationsPromptView.swift */,
				6D02CAEC2BECC46F007BB9AB /* OnboardingPushNotificationsPromptView+ViewModel.swift */,
			);
			path = NotificationsPrompt;
			sourceTree = "<group>";
		};
		6D3724D62BF117B5005FEC1C /* OnboardingTimeInputView */ = {
			isa = PBXGroup;
			children = (
				6D3724D42BF10EFF005FEC1C /* OnboardingTimeInputView.swift */,
				6D3724D72BF117C0005FEC1C /* DateTimePicker.swift */,
			);
			path = OnboardingTimeInputView;
			sourceTree = "<group>";
		};
		6D37AF0D2BE8EF4C00B3227C /* Components */ = {
			isa = PBXGroup;
			children = (
				6D37AF0E2BE8EF6300B3227C /* ProgressBar.swift */,
			);
			path = Components;
			sourceTree = "<group>";
		};
		6D42A2F62BF7A0D00071343F /* CreateAccountView */ = {
			isa = PBXGroup;
			children = (
				6D42A2F72BF7A1480071343F /* CreateAccountView.swift */,
				6D42A2F42BF7A08A0071343F /* CreateAccountViewNavigationStackState.swift */,
			);
			path = CreateAccountView;
			sourceTree = "<group>";
		};
		6D8EE7EB2BF1314600CFDE63 /* OnboardingSuccessView */ = {
			isa = PBXGroup;
			children = (
				6D3724D92BF11D85005FEC1C /* OnboardingSuccessView.swift */,
				6D8EE7EC2BF1319100CFDE63 /* OnboardingSuccessViewNavigationStackState.swift */,
			);
			path = OnboardingSuccessView;
			sourceTree = "<group>";
		};
		6D9049562BDE72760095D302 /* Utils */ = {
			isa = PBXGroup;
			children = (
				6D9049572BDE727E0095D302 /* NavigationStackState.swift */,
			);
			path = Utils;
			sourceTree = "<group>";
		};
		6DDD45D42BE00F8C000ABAB1 /* Style */ = {
			isa = PBXGroup;
			children = (
				6DDD45D52BE00FA4000ABAB1 /* SFFont.swift */,
			);
			path = Style;
			sourceTree = "<group>";
		};
/* End PBXGroup section */

/* Begin PBXNativeTarget section */
		6D00A0692BDD7DFF00CC7DB9 /* Kidsy-iOS */ = {
			isa = PBXNativeTarget;
			buildConfigurationList = 6D00A08E2BDD7E0100CC7DB9 /* Build configuration list for PBXNativeTarget "Kidsy-iOS" */;
			buildPhases = (
				6D00A0662BDD7DFF00CC7DB9 /* Sources */,
				6D00A0672BDD7DFF00CC7DB9 /* Frameworks */,
				6D00A0682BDD7DFF00CC7DB9 /* Resources */,
				6D00A09C2BDD7ED800CC7DB9 /* Embed Frameworks */,
			);
			buildRules = (
			);
			dependencies = (
			);
			name = "Kidsy-iOS";
			packageProductDependencies = (
				6DD669D62BE2CA900007CF9D /* SwiftUIIntrospect */,
			);
			productName = "Kidsy-iOS";
			productReference = 6D00A06A2BDD7DFF00CC7DB9 /* Kidsy-iOS.app */;
			productType = "com.apple.product-type.application";
		};
		6D00A0792BDD7E0100CC7DB9 /* Kidsy-iOSTests */ = {
			isa = PBXNativeTarget;
			buildConfigurationList = 6D00A0912BDD7E0100CC7DB9 /* Build configuration list for PBXNativeTarget "Kidsy-iOSTests" */;
			buildPhases = (
				6D00A0762BDD7E0100CC7DB9 /* Sources */,
				6D00A0772BDD7E0100CC7DB9 /* Frameworks */,
				6D00A0782BDD7E0100CC7DB9 /* Resources */,
			);
			buildRules = (
			);
			dependencies = (
				6D00A07C2BDD7E0100CC7DB9 /* PBXTargetDependency */,
			);
			name = "Kidsy-iOSTests";
			productName = "Kidsy-iOSTests";
			productReference = 6D00A07A2BDD7E0100CC7DB9 /* Kidsy-iOSTests.xctest */;
			productType = "com.apple.product-type.bundle.unit-test";
		};
		6D00A0832BDD7E0100CC7DB9 /* Kidsy-iOSUITests */ = {
			isa = PBXNativeTarget;
			buildConfigurationList = 6D00A0942BDD7E0100CC7DB9 /* Build configuration list for PBXNativeTarget "Kidsy-iOSUITests" */;
			buildPhases = (
				6D00A0802BDD7E0100CC7DB9 /* Sources */,
				6D00A0812BDD7E0100CC7DB9 /* Frameworks */,
				6D00A0822BDD7E0100CC7DB9 /* Resources */,
			);
			buildRules = (
			);
			dependencies = (
				6D00A0862BDD7E0100CC7DB9 /* PBXTargetDependency */,
			);
			name = "Kidsy-iOSUITests";
			productName = "Kidsy-iOSUITests";
			productReference = 6D00A0842BDD7E0100CC7DB9 /* Kidsy-iOSUITests.xctest */;
			productType = "com.apple.product-type.bundle.ui-testing";
		};
/* End PBXNativeTarget section */

/* Begin PBXProject section */
		6D00A0622BDD7DFF00CC7DB9 /* Project object */ = {
			isa = PBXProject;
			attributes = {
				BuildIndependentTargetsInParallel = 1;
				LastSwiftUpdateCheck = 1530;
				LastUpgradeCheck = 1530;
				TargetAttributes = {
					6D00A0692BDD7DFF00CC7DB9 = {
						CreatedOnToolsVersion = 15.3;
					};
					6D00A0792BDD7E0100CC7DB9 = {
						CreatedOnToolsVersion = 15.3;
						TestTargetID = 6D00A0692BDD7DFF00CC7DB9;
					};
					6D00A0832BDD7E0100CC7DB9 = {
						CreatedOnToolsVersion = 15.3;
						TestTargetID = 6D00A0692BDD7DFF00CC7DB9;
					};
				};
			};
			buildConfigurationList = 6D00A0652BDD7DFF00CC7DB9 /* Build configuration list for PBXProject "Kidsy-iOS" */;
			compatibilityVersion = "Xcode 14.0";
			developmentRegion = en;
			hasScannedForEncodings = 0;
			knownRegions = (
				en,
				Base,
			);
			mainGroup = 6D00A0612BDD7DFF00CC7DB9;
			packageReferences = (
				6DD669D52BE2CA900007CF9D /* XCRemoteSwiftPackageReference "SwiftUI-Introspect" */,
			);
			productRefGroup = 6D00A06B2BDD7DFF00CC7DB9 /* Products */;
			projectDirPath = "";
			projectRoot = "";
			targets = (
				6D00A0692BDD7DFF00CC7DB9 /* Kidsy-iOS */,
				6D00A0792BDD7E0100CC7DB9 /* Kidsy-iOSTests */,
				6D00A0832BDD7E0100CC7DB9 /* Kidsy-iOSUITests */,
			);
		};
/* End PBXProject section */

/* Begin PBXResourcesBuildPhase section */
		6D00A0682BDD7DFF00CC7DB9 /* Resources */ = {
			isa = PBXResourcesBuildPhase;
			buildActionMask = 2147483647;
			files = (
				6D00A0752BDD7E0100CC7DB9 /* Preview Assets.xcassets in Resources */,
				6D00A0722BDD7E0100CC7DB9 /* Assets.xcassets in Resources */,
			);
			runOnlyForDeploymentPostprocessing = 0;
		};
		6D00A0782BDD7E0100CC7DB9 /* Resources */ = {
			isa = PBXResourcesBuildPhase;
			buildActionMask = 2147483647;
			files = (
			);
			runOnlyForDeploymentPostprocessing = 0;
		};
		6D00A0822BDD7E0100CC7DB9 /* Resources */ = {
			isa = PBXResourcesBuildPhase;
			buildActionMask = 2147483647;
			files = (
			);
			runOnlyForDeploymentPostprocessing = 0;
		};
/* End PBXResourcesBuildPhase section */

/* Begin PBXSourcesBuildPhase section */
		6D00A0662BDD7DFF00CC7DB9 /* Sources */ = {
			isa = PBXSourcesBuildPhase;
			buildActionMask = 2147483647;
			files = (
				6D9049582BDE727E0095D302 /* NavigationStackState.swift in Sources */,
				6D8EE7ED2BF1319100CFDE63 /* OnboardingSuccessViewNavigationStackState.swift in Sources */,
				6D3724DA2BF11D85005FEC1C /* OnboardingSuccessView.swift in Sources */,
				6D00A0A12BDD7FA100CC7DB9 /* RootNavigationViewModel.swift in Sources */,
				6D00A0AE2BDD873A00CC7DB9 /* RootNavigationView.swift in Sources */,
				6D3724D82BF117C0005FEC1C /* DateTimePicker.swift in Sources */,
				6D42A2F52BF7A08A0071343F /* CreateAccountViewNavigationStackState.swift in Sources */,
				6D00A0B22BDD8ACB00CC7DB9 /* OnboardingView.swift in Sources */,
				6D00A0A42BDD801900CC7DB9 /* IntroView.swift in Sources */,
				6D9049552BDE72520095D302 /* IntroViewNavigationStackState.swift in Sources */,
				6D00A0B02BDD891E00CC7DB9 /* ToggleGrayButton.swift in Sources */,
				6D19A8952BE92CAE00274A85 /* OnboardingPromptWithPointsView.swift in Sources */,
				6D00A0A92BDD819F00CC7DB9 /* OnboardingPromptView.swift in Sources */,
				6D00A0B42BDD8D8500CC7DB9 /* OnboardingQuestionMultiselectView.swift in Sources */,
				6D42A2F82BF7A1480071343F /* CreateAccountView.swift in Sources */,
				6DDD45D62BE00FA4000ABAB1 /* SFFont.swift in Sources */,
				6D02CAED2BECC46F007BB9AB /* OnboardingPushNotificationsPromptView+ViewModel.swift in Sources */,
				6D00A06E2BDD7DFF00CC7DB9 /* Kidsy_iOSApp.swift in Sources */,
				6D37AF112BE908E500B3227C /* OnboardingTextInputView.swift in Sources */,
				6D00A0AC2BDD849A00CC7DB9 /* BlackButton.swift in Sources */,
				6D02CAEB2BECC270007BB9AB /* OnboardingPushNotificationsPromptView.swift in Sources */,
				6D37AF0F2BE8EF6300B3227C /* ProgressBar.swift in Sources */,
				6D3724D52BF10EFF005FEC1C /* OnboardingTimeInputView.swift in Sources */,
				6D00A0B62BDD8D9F00CC7DB9 /* OnboardingQuestionView.swift in Sources */,
				6D9049532BDE72260095D302 /* OnboardingViewNavigationStackState.swift in Sources */,
			);
			runOnlyForDeploymentPostprocessing = 0;
		};
		6D00A0762BDD7E0100CC7DB9 /* Sources */ = {
			isa = PBXSourcesBuildPhase;
			buildActionMask = 2147483647;
			files = (
				6D00A07F2BDD7E0100CC7DB9 /* Kidsy_iOSTests.swift in Sources */,
			);
			runOnlyForDeploymentPostprocessing = 0;
		};
		6D00A0802BDD7E0100CC7DB9 /* Sources */ = {
			isa = PBXSourcesBuildPhase;
			buildActionMask = 2147483647;
			files = (
				6D00A0892BDD7E0100CC7DB9 /* Kidsy_iOSUITests.swift in Sources */,
				6D00A08B2BDD7E0100CC7DB9 /* Kidsy_iOSUITestsLaunchTests.swift in Sources */,
			);
			runOnlyForDeploymentPostprocessing = 0;
		};
/* End PBXSourcesBuildPhase section */

/* Begin PBXTargetDependency section */
		6D00A07C2BDD7E0100CC7DB9 /* PBXTargetDependency */ = {
			isa = PBXTargetDependency;
			target = 6D00A0692BDD7DFF00CC7DB9 /* Kidsy-iOS */;
			targetProxy = 6D00A07B2BDD7E0100CC7DB9 /* PBXContainerItemProxy */;
		};
		6D00A0862BDD7E0100CC7DB9 /* PBXTargetDependency */ = {
			isa = PBXTargetDependency;
			target = 6D00A0692BDD7DFF00CC7DB9 /* Kidsy-iOS */;
			targetProxy = 6D00A0852BDD7E0100CC7DB9 /* PBXContainerItemProxy */;
		};
/* End PBXTargetDependency section */

/* Begin XCBuildConfiguration section */
		6D00A08C2BDD7E0100CC7DB9 /* Debug */ = {
			isa = XCBuildConfiguration;
			buildSettings = {
				ALWAYS_SEARCH_USER_PATHS = NO;
				ASSETCATALOG_COMPILER_GENERATE_SWIFT_ASSET_SYMBOL_EXTENSIONS = YES;
				CLANG_ANALYZER_NONNULL = YES;
				CLANG_ANALYZER_NUMBER_OBJECT_CONVERSION = YES_AGGRESSIVE;
				CLANG_CXX_LANGUAGE_STANDARD = "gnu++20";
				CLANG_ENABLE_MODULES = YES;
				CLANG_ENABLE_OBJC_ARC = YES;
				CLANG_ENABLE_OBJC_WEAK = YES;
				CLANG_WARN_BLOCK_CAPTURE_AUTORELEASING = YES;
				CLANG_WARN_BOOL_CONVERSION = YES;
				CLANG_WARN_COMMA = YES;
				CLANG_WARN_CONSTANT_CONVERSION = YES;
				CLANG_WARN_DEPRECATED_OBJC_IMPLEMENTATIONS = YES;
				CLANG_WARN_DIRECT_OBJC_ISA_USAGE = YES_ERROR;
				CLANG_WARN_DOCUMENTATION_COMMENTS = YES;
				CLANG_WARN_EMPTY_BODY = YES;
				CLANG_WARN_ENUM_CONVERSION = YES;
				CLANG_WARN_INFINITE_RECURSION = YES;
				CLANG_WARN_INT_CONVERSION = YES;
				CLANG_WARN_NON_LITERAL_NULL_CONVERSION = YES;
				CLANG_WARN_OBJC_IMPLICIT_RETAIN_SELF = YES;
				CLANG_WARN_OBJC_LITERAL_CONVERSION = YES;
				CLANG_WARN_OBJC_ROOT_CLASS = YES_ERROR;
				CLANG_WARN_QUOTED_INCLUDE_IN_FRAMEWORK_HEADER = YES;
				CLANG_WARN_RANGE_LOOP_ANALYSIS = YES;
				CLANG_WARN_STRICT_PROTOTYPES = YES;
				CLANG_WARN_SUSPICIOUS_MOVE = YES;
				CLANG_WARN_UNGUARDED_AVAILABILITY = YES_AGGRESSIVE;
				CLANG_WARN_UNREACHABLE_CODE = YES;
				CLANG_WARN__DUPLICATE_METHOD_MATCH = YES;
				COPY_PHASE_STRIP = NO;
				DEBUG_INFORMATION_FORMAT = dwarf;
				ENABLE_STRICT_OBJC_MSGSEND = YES;
				ENABLE_TESTABILITY = YES;
				ENABLE_USER_SCRIPT_SANDBOXING = YES;
				GCC_C_LANGUAGE_STANDARD = gnu17;
				GCC_DYNAMIC_NO_PIC = NO;
				GCC_NO_COMMON_BLOCKS = YES;
				GCC_OPTIMIZATION_LEVEL = 0;
				GCC_PREPROCESSOR_DEFINITIONS = (
					"DEBUG=1",
					"$(inherited)",
				);
				GCC_WARN_64_TO_32_BIT_CONVERSION = YES;
				GCC_WARN_ABOUT_RETURN_TYPE = YES_ERROR;
				GCC_WARN_UNDECLARED_SELECTOR = YES;
				GCC_WARN_UNINITIALIZED_AUTOS = YES_AGGRESSIVE;
				GCC_WARN_UNUSED_FUNCTION = YES;
				GCC_WARN_UNUSED_VARIABLE = YES;
				IPHONEOS_DEPLOYMENT_TARGET = 17.4;
				LOCALIZATION_PREFERS_STRING_CATALOGS = YES;
				MTL_ENABLE_DEBUG_INFO = INCLUDE_SOURCE;
				MTL_FAST_MATH = YES;
				ONLY_ACTIVE_ARCH = YES;
				SDKROOT = iphoneos;
				SWIFT_ACTIVE_COMPILATION_CONDITIONS = "DEBUG $(inherited)";
				SWIFT_OPTIMIZATION_LEVEL = "-Onone";
			};
			name = Debug;
		};
		6D00A08D2BDD7E0100CC7DB9 /* Release */ = {
			isa = XCBuildConfiguration;
			buildSettings = {
				ALWAYS_SEARCH_USER_PATHS = NO;
				ASSETCATALOG_COMPILER_GENERATE_SWIFT_ASSET_SYMBOL_EXTENSIONS = YES;
				CLANG_ANALYZER_NONNULL = YES;
				CLANG_ANALYZER_NUMBER_OBJECT_CONVERSION = YES_AGGRESSIVE;
				CLANG_CXX_LANGUAGE_STANDARD = "gnu++20";
				CLANG_ENABLE_MODULES = YES;
				CLANG_ENABLE_OBJC_ARC = YES;
				CLANG_ENABLE_OBJC_WEAK = YES;
				CLANG_WARN_BLOCK_CAPTURE_AUTORELEASING = YES;
				CLANG_WARN_BOOL_CONVERSION = YES;
				CLANG_WARN_COMMA = YES;
				CLANG_WARN_CONSTANT_CONVERSION = YES;
				CLANG_WARN_DEPRECATED_OBJC_IMPLEMENTATIONS = YES;
				CLANG_WARN_DIRECT_OBJC_ISA_USAGE = YES_ERROR;
				CLANG_WARN_DOCUMENTATION_COMMENTS = YES;
				CLANG_WARN_EMPTY_BODY = YES;
				CLANG_WARN_ENUM_CONVERSION = YES;
				CLANG_WARN_INFINITE_RECURSION = YES;
				CLANG_WARN_INT_CONVERSION = YES;
				CLANG_WARN_NON_LITERAL_NULL_CONVERSION = YES;
				CLANG_WARN_OBJC_IMPLICIT_RETAIN_SELF = YES;
				CLANG_WARN_OBJC_LITERAL_CONVERSION = YES;
				CLANG_WARN_OBJC_ROOT_CLASS = YES_ERROR;
				CLANG_WARN_QUOTED_INCLUDE_IN_FRAMEWORK_HEADER = YES;
				CLANG_WARN_RANGE_LOOP_ANALYSIS = YES;
				CLANG_WARN_STRICT_PROTOTYPES = YES;
				CLANG_WARN_SUSPICIOUS_MOVE = YES;
				CLANG_WARN_UNGUARDED_AVAILABILITY = YES_AGGRESSIVE;
				CLANG_WARN_UNREACHABLE_CODE = YES;
				CLANG_WARN__DUPLICATE_METHOD_MATCH = YES;
				COPY_PHASE_STRIP = NO;
				DEBUG_INFORMATION_FORMAT = "dwarf-with-dsym";
				ENABLE_NS_ASSERTIONS = NO;
				ENABLE_STRICT_OBJC_MSGSEND = YES;
				ENABLE_USER_SCRIPT_SANDBOXING = YES;
				GCC_C_LANGUAGE_STANDARD = gnu17;
				GCC_NO_COMMON_BLOCKS = YES;
				GCC_WARN_64_TO_32_BIT_CONVERSION = YES;
				GCC_WARN_ABOUT_RETURN_TYPE = YES_ERROR;
				GCC_WARN_UNDECLARED_SELECTOR = YES;
				GCC_WARN_UNINITIALIZED_AUTOS = YES_AGGRESSIVE;
				GCC_WARN_UNUSED_FUNCTION = YES;
				GCC_WARN_UNUSED_VARIABLE = YES;
				IPHONEOS_DEPLOYMENT_TARGET = 17.4;
				LOCALIZATION_PREFERS_STRING_CATALOGS = YES;
				MTL_ENABLE_DEBUG_INFO = NO;
				MTL_FAST_MATH = YES;
				SDKROOT = iphoneos;
				SWIFT_COMPILATION_MODE = wholemodule;
				VALIDATE_PRODUCT = YES;
			};
			name = Release;
		};
		6D00A08F2BDD7E0100CC7DB9 /* Debug */ = {
			isa = XCBuildConfiguration;
			buildSettings = {
				ASSETCATALOG_COMPILER_APPICON_NAME = AppIcon;
				ASSETCATALOG_COMPILER_GLOBAL_ACCENT_COLOR_NAME = AccentColor;
				CODE_SIGN_ENTITLEMENTS = "Kidsy-iOS/Kidsy-iOS.entitlements";
				CODE_SIGN_IDENTITY = "Apple Development";
				CODE_SIGN_STYLE = Automatic;
				CURRENT_PROJECT_VERSION = 1;
				DEVELOPMENT_ASSET_PATHS = "\"Kidsy-iOS/Preview Content\"";
				DEVELOPMENT_TEAM = DRU4XTX272;
				ENABLE_PREVIEWS = YES;
				GENERATE_INFOPLIST_FILE = YES;
				INFOPLIST_KEY_UIApplicationSceneManifest_Generation = YES;
				INFOPLIST_KEY_UIApplicationSupportsIndirectInputEvents = YES;
				INFOPLIST_KEY_UILaunchScreen_Generation = YES;
				INFOPLIST_KEY_UISupportedInterfaceOrientations_iPad = "UIInterfaceOrientationPortrait UIInterfaceOrientationPortraitUpsideDown UIInterfaceOrientationLandscapeLeft UIInterfaceOrientationLandscapeRight";
				INFOPLIST_KEY_UISupportedInterfaceOrientations_iPhone = "UIInterfaceOrientationPortrait UIInterfaceOrientationLandscapeLeft UIInterfaceOrientationLandscapeRight";
				LD_RUNPATH_SEARCH_PATHS = (
					"$(inherited)",
					"@executable_path/Frameworks",
				);
				MARKETING_VERSION = 1.0;
				PRODUCT_BUNDLE_IDENTIFIER = "com.growgenie.Kidsy-iOS";
				PRODUCT_NAME = "$(TARGET_NAME)";
				PROVISIONING_PROFILE_SPECIFIER = "";
				SUPPORTED_PLATFORMS = "iphoneos iphonesimulator";
				SUPPORTS_MACCATALYST = NO;
				SUPPORTS_MAC_DESIGNED_FOR_IPHONE_IPAD = NO;
				SUPPORTS_XR_DESIGNED_FOR_IPHONE_IPAD = NO;
				SWIFT_EMIT_LOC_STRINGS = YES;
				SWIFT_VERSION = 5.0;
				TARGETED_DEVICE_FAMILY = 1;
			};
			name = Debug;
		};
		6D00A0902BDD7E0100CC7DB9 /* Release */ = {
			isa = XCBuildConfiguration;
			buildSettings = {
				ASSETCATALOG_COMPILER_APPICON_NAME = AppIcon;
				ASSETCATALOG_COMPILER_GLOBAL_ACCENT_COLOR_NAME = AccentColor;
				CODE_SIGN_ENTITLEMENTS = "Kidsy-iOS/Kidsy-iOS.entitlements";
				CODE_SIGN_IDENTITY = "Apple Development";
				CODE_SIGN_STYLE = Automatic;
				CURRENT_PROJECT_VERSION = 1;
				DEVELOPMENT_ASSET_PATHS = "\"Kidsy-iOS/Preview Content\"";
				DEVELOPMENT_TEAM = DRU4XTX272;
				ENABLE_PREVIEWS = YES;
				GENERATE_INFOPLIST_FILE = YES;
				INFOPLIST_KEY_UIApplicationSceneManifest_Generation = YES;
				INFOPLIST_KEY_UIApplicationSupportsIndirectInputEvents = YES;
				INFOPLIST_KEY_UILaunchScreen_Generation = YES;
				INFOPLIST_KEY_UISupportedInterfaceOrientations_iPad = "UIInterfaceOrientationPortrait UIInterfaceOrientationPortraitUpsideDown UIInterfaceOrientationLandscapeLeft UIInterfaceOrientationLandscapeRight";
				INFOPLIST_KEY_UISupportedInterfaceOrientations_iPhone = "UIInterfaceOrientationPortrait UIInterfaceOrientationLandscapeLeft UIInterfaceOrientationLandscapeRight";
				LD_RUNPATH_SEARCH_PATHS = (
					"$(inherited)",
					"@executable_path/Frameworks",
				);
				MARKETING_VERSION = 1.0;
				PRODUCT_BUNDLE_IDENTIFIER = "com.growgenie.Kidsy-iOS";
				PRODUCT_NAME = "$(TARGET_NAME)";
				PROVISIONING_PROFILE_SPECIFIER = "";
				SUPPORTED_PLATFORMS = "iphoneos iphonesimulator";
				SUPPORTS_MACCATALYST = NO;
				SUPPORTS_MAC_DESIGNED_FOR_IPHONE_IPAD = NO;
				SUPPORTS_XR_DESIGNED_FOR_IPHONE_IPAD = NO;
				SWIFT_EMIT_LOC_STRINGS = YES;
				SWIFT_VERSION = 5.0;
				TARGETED_DEVICE_FAMILY = 1;
			};
			name = Release;
		};
		6D00A0922BDD7E0100CC7DB9 /* Debug */ = {
			isa = XCBuildConfiguration;
			buildSettings = {
				ALWAYS_EMBED_SWIFT_STANDARD_LIBRARIES = YES;
				BUNDLE_LOADER = "$(TEST_HOST)";
				CODE_SIGN_STYLE = Automatic;
				CURRENT_PROJECT_VERSION = 1;
				DEVELOPMENT_TEAM = DRU4XTX272;
				GENERATE_INFOPLIST_FILE = YES;
				IPHONEOS_DEPLOYMENT_TARGET = 17.4;
				MARKETING_VERSION = 1.0;
				PRODUCT_BUNDLE_IDENTIFIER = "com.growgenie.Kidsy-iOSTests";
				PRODUCT_NAME = "$(TARGET_NAME)";
				SWIFT_EMIT_LOC_STRINGS = NO;
				SWIFT_VERSION = 5.0;
				TARGETED_DEVICE_FAMILY = "1,2";
				TEST_HOST = "$(BUILT_PRODUCTS_DIR)/Kidsy-iOS.app/$(BUNDLE_EXECUTABLE_FOLDER_PATH)/Kidsy-iOS";
			};
			name = Debug;
		};
		6D00A0932BDD7E0100CC7DB9 /* Release */ = {
			isa = XCBuildConfiguration;
			buildSettings = {
				ALWAYS_EMBED_SWIFT_STANDARD_LIBRARIES = YES;
				BUNDLE_LOADER = "$(TEST_HOST)";
				CODE_SIGN_STYLE = Automatic;
				CURRENT_PROJECT_VERSION = 1;
				DEVELOPMENT_TEAM = DRU4XTX272;
				GENERATE_INFOPLIST_FILE = YES;
				IPHONEOS_DEPLOYMENT_TARGET = 17.4;
				MARKETING_VERSION = 1.0;
				PRODUCT_BUNDLE_IDENTIFIER = "com.growgenie.Kidsy-iOSTests";
				PRODUCT_NAME = "$(TARGET_NAME)";
				SWIFT_EMIT_LOC_STRINGS = NO;
				SWIFT_VERSION = 5.0;
				TARGETED_DEVICE_FAMILY = "1,2";
				TEST_HOST = "$(BUILT_PRODUCTS_DIR)/Kidsy-iOS.app/$(BUNDLE_EXECUTABLE_FOLDER_PATH)/Kidsy-iOS";
			};
			name = Release;
		};
		6D00A0952BDD7E0100CC7DB9 /* Debug */ = {
			isa = XCBuildConfiguration;
			buildSettings = {
				ALWAYS_EMBED_SWIFT_STANDARD_LIBRARIES = YES;
				CODE_SIGN_STYLE = Automatic;
				CURRENT_PROJECT_VERSION = 1;
				DEVELOPMENT_TEAM = DRU4XTX272;
				GENERATE_INFOPLIST_FILE = YES;
				MARKETING_VERSION = 1.0;
				PRODUCT_BUNDLE_IDENTIFIER = "com.growgenie.Kidsy-iOSUITests";
				PRODUCT_NAME = "$(TARGET_NAME)";
				SWIFT_EMIT_LOC_STRINGS = NO;
				SWIFT_VERSION = 5.0;
				TARGETED_DEVICE_FAMILY = "1,2";
				TEST_TARGET_NAME = "Kidsy-iOS";
			};
			name = Debug;
		};
		6D00A0962BDD7E0100CC7DB9 /* Release */ = {
			isa = XCBuildConfiguration;
			buildSettings = {
				ALWAYS_EMBED_SWIFT_STANDARD_LIBRARIES = YES;
				CODE_SIGN_STYLE = Automatic;
				CURRENT_PROJECT_VERSION = 1;
				DEVELOPMENT_TEAM = DRU4XTX272;
				GENERATE_INFOPLIST_FILE = YES;
				MARKETING_VERSION = 1.0;
				PRODUCT_BUNDLE_IDENTIFIER = "com.growgenie.Kidsy-iOSUITests";
				PRODUCT_NAME = "$(TARGET_NAME)";
				SWIFT_EMIT_LOC_STRINGS = NO;
				SWIFT_VERSION = 5.0;
				TARGETED_DEVICE_FAMILY = "1,2";
				TEST_TARGET_NAME = "Kidsy-iOS";
			};
			name = Release;
		};
/* End XCBuildConfiguration section */

/* Begin XCConfigurationList section */
		6D00A0652BDD7DFF00CC7DB9 /* Build configuration list for PBXProject "Kidsy-iOS" */ = {
			isa = XCConfigurationList;
			buildConfigurations = (
				6D00A08C2BDD7E0100CC7DB9 /* Debug */,
				6D00A08D2BDD7E0100CC7DB9 /* Release */,
			);
			defaultConfigurationIsVisible = 0;
			defaultConfigurationName = Release;
		};
		6D00A08E2BDD7E0100CC7DB9 /* Build configuration list for PBXNativeTarget "Kidsy-iOS" */ = {
			isa = XCConfigurationList;
			buildConfigurations = (
				6D00A08F2BDD7E0100CC7DB9 /* Debug */,
				6D00A0902BDD7E0100CC7DB9 /* Release */,
			);
			defaultConfigurationIsVisible = 0;
			defaultConfigurationName = Release;
		};
		6D00A0912BDD7E0100CC7DB9 /* Build configuration list for PBXNativeTarget "Kidsy-iOSTests" */ = {
			isa = XCConfigurationList;
			buildConfigurations = (
				6D00A0922BDD7E0100CC7DB9 /* Debug */,
				6D00A0932BDD7E0100CC7DB9 /* Release */,
			);
			defaultConfigurationIsVisible = 0;
			defaultConfigurationName = Release;
		};
		6D00A0942BDD7E0100CC7DB9 /* Build configuration list for PBXNativeTarget "Kidsy-iOSUITests" */ = {
			isa = XCConfigurationList;
			buildConfigurations = (
				6D00A0952BDD7E0100CC7DB9 /* Debug */,
				6D00A0962BDD7E0100CC7DB9 /* Release */,
			);
			defaultConfigurationIsVisible = 0;
			defaultConfigurationName = Release;
		};
/* End XCConfigurationList section */

/* Begin XCRemoteSwiftPackageReference section */
		6DD669D52BE2CA900007CF9D /* XCRemoteSwiftPackageReference "SwiftUI-Introspect" */ = {
			isa = XCRemoteSwiftPackageReference;
			repositoryURL = "https://github.com/siteline/SwiftUI-Introspect";
			requirement = {
				kind = upToNextMajorVersion;
				minimumVersion = 1.1.3;
			};
		};
/* End XCRemoteSwiftPackageReference section */

/* Begin XCSwiftPackageProductDependency section */
		6DD669D62BE2CA900007CF9D /* SwiftUIIntrospect */ = {
			isa = XCSwiftPackageProductDependency;
			package = 6DD669D52BE2CA900007CF9D /* XCRemoteSwiftPackageReference "SwiftUI-Introspect" */;
			productName = SwiftUIIntrospect;
		};
/* End XCSwiftPackageProductDependency section */
	};
	rootObject = 6D00A0622BDD7DFF00CC7DB9 /* Project object */;
}
